
Microsoft Visual Studio Solution File, Format Version 12.00
# Visual Studio Version 16
VisualStudioVersion = 16.0.30002.166
MinimumVisualStudioVersion = 10.0.40219.1
Project("{FAE04EC0-301F-11D3-BF4B-00C04F79EFBC}") = "WebApplication", "WebApplication\WebApplication.csproj", "{24C01D74-3706-4A98-BB73-925ACA94BA4F}"
EndProject
Global
	GlobalSection(SolutionConfigurationPlatforms) = preSolution
		Debug|Any CPU = Debug|Any CPU
		Release|Any CPU = Release|Any CPU
	EndGlobalSection
	GlobalSection(ProjectConfigurationPlatforms) = postSolution
		{24C01D74-3706-4A98-BB73-925ACA94BA4F}.Debug|Any CPU.ActiveCfg = Debug|Any CPU
		{24C01D74-3706-4A98-BB73-925ACA94BA4F}.Debug|Any CPU.Build.0 = Debug|Any CPU
		{24C01D74-3706-4A98-BB73-925ACA94BA4F}.Release|Any CPU.ActiveCfg = Release|Any CPU
		{24C01D74-3706-4A98-BB73-925ACA94BA4F}.Release|Any CPU.Build.0 = Release|Any CPU
	EndGlobalSection
	GlobalSection(SolutionProperties) = preSolution
		HideSolutionNode = FALSE
	EndGlobalSection
	GlobalSection(ExtensibilityGlobals) = postSolution
		SolutionGuid = {56E2705F-1A7E-4FA5-9D95-7F9B058DCACB}
	EndGlobalSection
EndGlobal
